
Microsoft Visual Studio Solution File, Format Version 12.00
# Visual Studio Version 17
VisualStudioVersion = 17.0.32112.339
MinimumVisualStudioVersion = 10.0.40219.1
Project("{FAE04EC0-301F-11D3-BF4B-00C04F79EFBC}") = "1.Start", "1.Start\1.Start.csproj", "{6694CC13-3D9C-4D22-9534-49E9A9EA3899}"
EndProject
Global
	GlobalSection(SolutionConfigurationPlatforms) = preSolution
		Debug|Any CPU = Debug|Any CPU
		Release|Any CPU = Release|Any CPU
	EndGlobalSection
	GlobalSection(ProjectConfigurationPlatforms) = postSolution
		{6694CC13-3D9C-4D22-9534-49E9A9EA3899}.Debug|Any CPU.ActiveCfg = Debug|Any CPU
		{6694CC13-3D9C-4D22-9534-49E9A9EA3899}.Debug|Any CPU.Build.0 = Debug|Any CPU
		{6694CC13-3D9C-4D22-9534-49E9A9EA3899}.Release|Any CPU.ActiveCfg = Release|Any CPU
		{6694CC13-3D9C-4D22-9534-49E9A9EA3899}.Release|Any CPU.Build.0 = Release|Any CPU
	EndGlobalSection
	GlobalSection(SolutionProperties) = preSolution
		HideSolutionNode = FALSE
	EndGlobalSection
	GlobalSection(ExtensibilityGlobals) = postSolution
		SolutionGuid = {448EA691-A1AA-441B-AA2F-B77531DE5CF5}
	EndGlobalSection
EndGlobal
